
Microsoft Visual Studio Solution File, Format Version 12.00
# Visual Studio Version 17
VisualStudioVersion = 17.9.34714.143
MinimumVisualStudioVersion = 10.0.40219.1
Project("{FAE04EC0-301F-11D3-BF4B-00C04F79EFBC}") = "App1", "App1\App1.csproj", "{66ED496A-F07D-4A4D-A6D4-C55066293604}"
EndProject
Global
	GlobalSection(SolutionConfigurationPlatforms) = preSolution
		Debug|Any CPU = Debug|Any CPU
		Release|Any CPU = Release|Any CPU
	EndGlobalSection
	GlobalSection(ProjectConfigurationPlatforms) = postSolution
		{66ED496A-F07D-4A4D-A6D4-C55066293604}.Debug|Any CPU.ActiveCfg = Debug|Any CPU
		{66ED496A-F07D-4A4D-A6D4-C55066293604}.Debug|Any CPU.Build.0 = Debug|Any CPU
		{66ED496A-F07D-4A4D-A6D4-C55066293604}.Release|Any CPU.ActiveCfg = Release|Any CPU
		{66ED496A-F07D-4A4D-A6D4-C55066293604}.Release|Any CPU.Build.0 = Release|Any CPU
	EndGlobalSection
	GlobalSection(SolutionProperties) = preSolution
		HideSolutionNode = FALSE
	EndGlobalSection
	GlobalSection(ExtensibilityGlobals) = postSolution
		SolutionGuid = {B0191CB2-D359-43ED-A20F-816FD887CA02}
	EndGlobalSection
EndGlobal
